
Microsoft Visual Studio Solution File, Format Version 12.00
# Visual Studio Version 17
VisualStudioVersion = 17.6.33829.357
MinimumVisualStudioVersion = 10.0.40219.1
Project("{FAE04EC0-301F-11D3-BF4B-00C04F79EFBC}") = "Lab1", "Lab1.csproj", "{C0C67807-3125-411A-8581-36083A6E2B21}"
EndProject
Global
	GlobalSection(SolutionConfigurationPlatforms) = preSolution
		Debug|Any CPU = Debug|Any CPU
		Release|Any CPU = Release|Any CPU
	EndGlobalSection
	GlobalSection(ProjectConfigurationPlatforms) = postSolution
		{C0C67807-3125-411A-8581-36083A6E2B21}.Debug|Any CPU.ActiveCfg = Debug|Any CPU
		{C0C67807-3125-411A-8581-36083A6E2B21}.Debug|Any CPU.Build.0 = Debug|Any CPU
		{C0C67807-3125-411A-8581-36083A6E2B21}.Release|Any CPU.ActiveCfg = Release|Any CPU
		{C0C67807-3125-411A-8581-36083A6E2B21}.Release|Any CPU.Build.0 = Release|Any CPU
	EndGlobalSection
	GlobalSection(SolutionProperties) = preSolution
		HideSolutionNode = FALSE
	EndGlobalSection
	GlobalSection(ExtensibilityGlobals) = postSolution
		SolutionGuid = {30858B86-2F0F-4C0F-91B7-C2D3BE3C1E32}
	EndGlobalSection
EndGlobal
